
Microsoft Visual Studio Solution File, Format Version 12.00
# Visual Studio Version 16
VisualStudioVersion = 16.0.29009.5
MinimumVisualStudioVersion = 10.0.40219.1
Project("{FAE04EC0-301F-11D3-BF4B-00C04F79EFBC}") = "TwitchClipDownloader", "TwitchClipDownloader.csproj", "{4DB57584-C4C5-4275-8F6B-AFD732F895CF}"
EndProject
Global
	GlobalSection(SolutionConfigurationPlatforms) = preSolution
		Debug|Any CPU = Debug|Any CPU
		Debug|x86 = Debug|x86
		Release|Any CPU = Release|Any CPU
		Release|x86 = Release|x86
	EndGlobalSection
	GlobalSection(ProjectConfigurationPlatforms) = postSolution
		{4DB57584-C4C5-4275-8F6B-AFD732F895CF}.Debug|Any CPU.ActiveCfg = Debug|Any CPU
		{4DB57584-C4C5-4275-8F6B-AFD732F895CF}.Debug|Any CPU.Build.0 = Debug|Any CPU
		{4DB57584-C4C5-4275-8F6B-AFD732F895CF}.Debug|x86.ActiveCfg = Debug|x86
		{4DB57584-C4C5-4275-8F6B-AFD732F895CF}.Debug|x86.Build.0 = Debug|x86
		{4DB57584-C4C5-4275-8F6B-AFD732F895CF}.Release|Any CPU.ActiveCfg = Release|Any CPU
		{4DB57584-C4C5-4275-8F6B-AFD732F895CF}.Release|Any CPU.Build.0 = Release|Any CPU
		{4DB57584-C4C5-4275-8F6B-AFD732F895CF}.Release|x86.ActiveCfg = Release|x86
		{4DB57584-C4C5-4275-8F6B-AFD732F895CF}.Release|x86.Build.0 = Release|x86
	EndGlobalSection
	GlobalSection(SolutionProperties) = preSolution
		HideSolutionNode = FALSE
	EndGlobalSection
	GlobalSection(ExtensibilityGlobals) = postSolution
		SolutionGuid = {DD78A34F-5E1A-4C34-BC18-53CC6F84650D}
	EndGlobalSection
EndGlobal
